<?xml version="1.0" encoding="utf-8"?>
<Project xmlns="http://schemas.microsoft.com/developer/msbuild/2003">
  <ItemGroup>
    <Filter Include="Generated Files">
      <UniqueIdentifier>{71ED8ED8-ACB9-4CE9-BBE1-E00B30144E11}</UniqueIdentifier>
      <Extensions>cpp;c;cxx;moc;h;def;odl;idl;res;</Extensions>
    </Filter>
    <Filter Include="Generated Files">
      <UniqueIdentifier>{71ED8ED8-ACB9-4CE9-BBE1-E00B30144E11}</UniqueIdentifier>
      <Extensions>cpp;c;cxx;moc;h;def;odl;idl;res;</Extensions>
    </Filter>
    <Filter Include="Header Files">
      <UniqueIdentifier>{93995380-89BD-4b04-88EB-625FBE52EBFB}</UniqueIdentifier>
      <Extensions>h;hpp;hxx;hm;inl;inc;xsd</Extensions>
    </Filter>
    <Filter Include="Header Files">
      <UniqueIdentifier>{93995380-89BD-4b04-88EB-625FBE52EBFB}</UniqueIdentifier>
      <Extensions>h;hpp;hxx;hm;inl;inc;xsd</Extensions>
    </Filter>
    <Filter Include="Resource Files">
      <UniqueIdentifier>{D9D6E242-F8AF-46E4-B9FD-80ECBC20BA3E}</UniqueIdentifier>
      <Extensions>qrc;*</Extensions>
      <ParseFiles>false</ParseFiles>
    </Filter>
    <Filter Include="Resource Files">
      <UniqueIdentifier>{D9D6E242-F8AF-46E4-B9FD-80ECBC20BA3E}</UniqueIdentifier>
      <Extensions>qrc;*</Extensions>
      <ParseFiles>false</ParseFiles>
    </Filter>
    <Filter Include="Source Files">
      <UniqueIdentifier>{4FC737F1-C7A5-4376-A066-2A32D752A2FF}</UniqueIdentifier>
      <Extensions>cpp;c;cxx;def;odl;idl;hpj;bat;asm;asmx</Extensions>
    </Filter>
    <Filter Include="Source Files">
      <UniqueIdentifier>{4FC737F1-C7A5-4376-A066-2A32D752A2FF}</UniqueIdentifier>
      <Extensions>cpp;c;cxx;def;odl;idl;hpj;bat;asm;asmx</Extensions>
    </Filter>
  </ItemGroup>
  <ItemGroup>
    <ClCompile Include="collectibles.cpp">
      <Filter>Source Files</Filter>
    </ClCompile>
    <ClCompile Include="enemy.cpp">
      <Filter>Source Files</Filter>
    </ClCompile>
    <ClCompile Include="main.cpp">
      <Filter>Source Files</Filter>
    </ClCompile>
    <ClCompile Include="mainwindow.cpp">
      <Filter>Source Files</Filter>
    </ClCompile>
    <ClCompile Include="player.cpp">
      <Filter>Source Files</Filter>
    </ClCompile>
    <ClCompile Include="sceneview.cpp">
      <Filter>Source Files</Filter>
    </ClCompile>
    <ClCompile Include="soundmanager.cpp">
      <Filter>Source Files</Filter>
    </ClCompile>
  </ItemGroup>
  <ItemGroup>
    <CustomBuild Include="collectibles.h">
      <Filter>Header Files</Filter>
    </CustomBuild>
    <CustomBuild Include="enemy.h">
      <Filter>Header Files</Filter>
    </CustomBuild>
    <CustomBuild Include="mainwindow.h">
      <Filter>Header Files</Filter>
    </CustomBuild>
    <CustomBuild Include="player.h">
      <Filter>Header Files</Filter>
    </CustomBuild>
    <CustomBuild Include="sceneview.h">
      <Filter>Header Files</Filter>
    </CustomBuild>
    <CustomBuild Include="soundmanager.h">
      <Filter>Header Files</Filter>
    </CustomBuild>
  </ItemGroup>
  <ItemGroup>
    <ClCompile Include="debug\moc_collectibles.cpp">
      <Filter>Generated Files</Filter>
    </ClCompile>
    <ClCompile Include="release\moc_collectibles.cpp">
      <Filter>Generated Files</Filter>
    </ClCompile>
    <ClCompile Include="debug\moc_enemy.cpp">
      <Filter>Generated Files</Filter>
    </ClCompile>
    <ClCompile Include="release\moc_enemy.cpp">
      <Filter>Generated Files</Filter>
    </ClCompile>
    <ClCompile Include="debug\moc_mainwindow.cpp">
      <Filter>Generated Files</Filter>
    </ClCompile>
    <ClCompile Include="release\moc_mainwindow.cpp">
      <Filter>Generated Files</Filter>
    </ClCompile>
    <ClCompile Include="debug\moc_player.cpp">
      <Filter>Generated Files</Filter>
    </ClCompile>
    <ClCompile Include="release\moc_player.cpp">
      <Filter>Generated Files</Filter>
    </ClCompile>
    <CustomBuild Include="debug\moc_predefs.h.cbt">
      <Filter>Generated Files</Filter>
    </CustomBuild>
    <CustomBuild Include="release\moc_predefs.h.cbt">
      <Filter>Generated Files</Filter>
    </CustomBuild>
    <ClCompile Include="debug\moc_sceneview.cpp">
      <Filter>Generated Files</Filter>
    </ClCompile>
    <ClCompile Include="release\moc_sceneview.cpp">
      <Filter>Generated Files</Filter>
    </ClCompile>
    <ClCompile Include="debug\moc_soundmanager.cpp">
      <Filter>Generated Files</Filter>
    </ClCompile>
    <ClCompile Include="release\moc_soundmanager.cpp">
      <Filter>Generated Files</Filter>
    </ClCompile>
    <ClCompile Include="debug\qrc_resources.cpp">
      <Filter>Generated Files</Filter>
    </ClCompile>
    <ClCompile Include="release\qrc_resources.cpp">
      <Filter>Generated Files</Filter>
    </ClCompile>
  </ItemGroup>
  <ItemGroup>
    <None Include="Assets\UI\3.png">
      <Filter>Resource Files</Filter>
    </None>
    <None Include="Assets\Sounds\336598__inspectorj__footsteps-concrete-a.wav">
      <Filter>Resource Files</Filter>
    </None>
    <None Include="Assets\Sounds\413174__micahlg__male-hurt11.wav">
      <Filter>Resource Files</Filter>
    </None>
    <None Include="Assets\Entiites\Enemy1\Attack_0.png">
      <Filter>Resource Files</Filter>
    </None>
    <None Include="Assets\Entiites\Enemy1\Attack_1.png">
      <Filter>Resource Files</Filter>
    </None>
    <None Include="Assets\Entiites\Enemy1\Attack_2.png">
      <Filter>Resource Files</Filter>
    </None>
    <None Include="Assets\Entiites\Enemy1\Attack_3.png">
      <Filter>Resource Files</Filter>
    </None>
    <None Include="Assets\Entiites\Enemy1\Attack_4.png">
      <Filter>Resource Files</Filter>
    </None>
    <None Include="Assets\Entiites\Enemy1\Attack_5.png">
      <Filter>Resource Files</Filter>
    </None>
    <None Include="Assets\Entiites\Enemy1\Death_0.png">
      <Filter>Resource Files</Filter>
    </None>
    <None Include="Assets\Entiites\Enemy1\Death_1.png">
      <Filter>Resource Files</Filter>
    </None>
    <None Include="Assets\Entiites\Enemy1\Death_2.png">
      <Filter>Resource Files</Filter>
    </None>
    <None Include="Assets\Entiites\Enemy1\Death_3.png">
      <Filter>Resource Files</Filter>
    </None>
    <None Include="Assets\Entiites\Enemy1\Death_4.png">
      <Filter>Resource Files</Filter>
    </None>
    <None Include="Assets\Entiites\Enemy1\Death_5.png">
      <Filter>Resource Files</Filter>
    </None>
    <None Include="Assets\UI\Exit button.png">
      <Filter>Resource Files</Filter>
    </None>
    <None Include="Assets\Entiites\Enemy1\Hurt_1.png">
      <Filter>Resource Files</Filter>
    </None>
    <None Include="Assets\Entiites\Enemy1\Idle_0.png">
      <Filter>Resource Files</Filter>
    </None>
    <None Include="Assets\Entiites\Enemy1\Idle_1.png">
      <Filter>Resource Files</Filter>
    </None>
    <None Include="Assets\Entiites\Enemy1\Idle_2.png">
      <Filter>Resource Files</Filter>
    </None>
    <None Include="Assets\Entiites\Enemy1\Idle_3.png">
      <Filter>Resource Files</Filter>
    </None>
    <None Include="Assets\Tiles\Intersec full.png">
      <Filter>Resource Files</Filter>
    </None>
    <None Include="Assets\UI\Off sound button.png">
      <Filter>Resource Files</Filter>
    </None>
    <None Include="Assets\UI\On sound button.png">
      <Filter>Resource Files</Filter>
    </None>
    <None Include="Assets\UI\Pixel Heart Sprite Sheet 32x32_0.png">
      <Filter>Resource Files</Filter>
    </None>
    <None Include="Assets\UI\Pixel Heart Sprite Sheet 32x32_1.png">
      <Filter>Resource Files</Filter>
    </None>
    <None Include="Assets\UI\Pixel Heart Sprite Sheet 32x32_2.png">
      <Filter>Resource Files</Filter>
    </None>
    <None Include="Assets\Tiles\Pixel_Grass.png">
      <Filter>Resource Files</Filter>
    </None>
    <None Include="Assets\Tiles\TreeBackground.png">
      <Filter>Resource Files</Filter>
    </None>
    <None Include="Assets\Entiites\Enemy1\Walk_0.png">
      <Filter>Resource Files</Filter>
    </None>
    <None Include="Assets\Entiites\Enemy1\Walk_1.png">
      <Filter>Resource Files</Filter>
    </None>
    <None Include="Assets\Entiites\Enemy1\Walk_2.png">
      <Filter>Resource Files</Filter>
    </None>
    <None Include="Assets\Entiites\Enemy1\Walk_3.png">
      <Filter>Resource Files</Filter>
    </None>
    <None Include="Assets\Entiites\Enemy1\Walk_4.png">
      <Filter>Resource Files</Filter>
    </None>
    <None Include="Assets\Entiites\Enemy1\Walk_5.png">
      <Filter>Resource Files</Filter>
    </None>
    <None Include="Assets\Entiites\Player\_down idle_0.png">
      <Filter>Resource Files</Filter>
    </None>
    <None Include="Assets\Entiites\Player\_down idle_1.png">
      <Filter>Resource Files</Filter>
    </None>
    <None Include="Assets\Entiites\Player\_down idle_2.png">
      <Filter>Resource Files</Filter>
    </None>
    <None Include="Assets\Entiites\Player\_down idle_3.png">
      <Filter>Resource Files</Filter>
    </None>
    <None Include="Assets\Entiites\Player\_down idle_4.png">
      <Filter>Resource Files</Filter>
    </None>
    <None Include="Assets\Entiites\Player\_down walk_0.png">
      <Filter>Resource Files</Filter>
    </None>
    <None Include="Assets\Entiites\Player\_down walk_1.png">
      <Filter>Resource Files</Filter>
    </None>
    <None Include="Assets\Entiites\Player\_down walk_2.png">
      <Filter>Resource Files</Filter>
    </None>
    <None Include="Assets\Entiites\Player\_down walk_3.png">
      <Filter>Resource Files</Filter>
    </None>
    <None Include="Assets\Entiites\Player\_down walk_4.png">
      <Filter>Resource Files</Filter>
    </None>
    <None Include="Assets\Entiites\Player\_down walk_5.png">
      <Filter>Resource Files</Filter>
    </None>
    <None Include="Assets\Entiites\Player\_pick up_0.png">
      <Filter>Resource Files</Filter>
    </None>
    <None Include="Assets\Entiites\Player\_pick up_1.png">
      <Filter>Resource Files</Filter>
    </None>
    <None Include="Assets\Entiites\Player\_pick up_2.png">
      <Filter>Resource Files</Filter>
    </None>
    <None Include="Assets\Entiites\Player\_pick up_3.png">
      <Filter>Resource Files</Filter>
    </None>
    <None Include="Assets\Entiites\Player\_pick up_4.png">
      <Filter>Resource Files</Filter>
    </None>
    <None Include="Assets\Entiites\Player\_side idle_0.png">
      <Filter>Resource Files</Filter>
    </None>
    <None Include="Assets\Entiites\Player\_side idle_1.png">
      <Filter>Resource Files</Filter>
    </None>
    <None Include="Assets\Entiites\Player\_side idle_2.png">
      <Filter>Resource Files</Filter>
    </None>
    <None Include="Assets\Entiites\Player\_side idle_3.png">
      <Filter>Resource Files</Filter>
    </None>
    <None Include="Assets\Entiites\Player\_side idle_4.png">
      <Filter>Resource Files</Filter>
    </None>
    <None Include="Assets\Entiites\Player\_side walk_0.png">
      <Filter>Resource Files</Filter>
    </None>
    <None Include="Assets\Entiites\Player\_side walk_1.png">
      <Filter>Resource Files</Filter>
    </None>
    <None Include="Assets\Entiites\Player\_side walk_2.png">
      <Filter>Resource Files</Filter>
    </None>
    <None Include="Assets\Entiites\Player\_side walk_3.png">
      <Filter>Resource Files</Filter>
    </None>
    <None Include="Assets\Entiites\Player\_side walk_4.png">
      <Filter>Resource Files</Filter>
    </None>
    <None Include="Assets\Entiites\Player\_side walk_5.png">
      <Filter>Resource Files</Filter>
    </None>
    <None Include="Assets\Entiites\Player\_up idle_0.png">
      <Filter>Resource Files</Filter>
    </None>
    <None Include="Assets\Entiites\Player\_up idle_1.png">
      <Filter>Resource Files</Filter>
    </None>
    <None Include="Assets\Entiites\Player\_up idle_2.png">
      <Filter>Resource Files</Filter>
    </None>
    <None Include="Assets\Entiites\Player\_up idle_3.png">
      <Filter>Resource Files</Filter>
    </None>
    <None Include="Assets\Entiites\Player\_up idle_4.png">
      <Filter>Resource Files</Filter>
    </None>
    <None Include="Assets\Entiites\Player\_up walk_0.png">
      <Filter>Resource Files</Filter>
    </None>
    <None Include="Assets\Entiites\Player\_up walk_1.png">
      <Filter>Resource Files</Filter>
    </None>
    <None Include="Assets\Entiites\Player\_up walk_2.png">
      <Filter>Resource Files</Filter>
    </None>
    <None Include="Assets\Entiites\Player\_up walk_3.png">
      <Filter>Resource Files</Filter>
    </None>
    <None Include="Assets\Entiites\Player\_up walk_4.png">
      <Filter>Resource Files</Filter>
    </None>
    <None Include="Assets\Entiites\Player\_up walk_5.png">
      <Filter>Resource Files</Filter>
    </None>
    <None Include="Assets\Sounds\b423b42.wav">
      <Filter>Resource Files</Filter>
    </None>
    <None Include="Assets\UI\babbig.png">
      <Filter>Resource Files</Filter>
    </None>
    <None Include="Assets\Tiles\betterhouse_1.png">
      <Filter>Resource Files</Filter>
    </None>
    <None Include="Assets\Tiles\border_down.png">
      <Filter>Resource Files</Filter>
    </None>
    <None Include="Assets\Tiles\border_left.png">
      <Filter>Resource Files</Filter>
    </None>
    <None Include="Assets\Tiles\border_up.png">
      <Filter>Resource Files</Filter>
    </None>
    <None Include="Assets\Tiles\borderrigth.png">
      <Filter>Resource Files</Filter>
    </None>
    <None Include="Assets\UI\bulletmaybe.png">
      <Filter>Resource Files</Filter>
    </None>
    <None Include="Assets\Tiles\dirt.png">
      <Filter>Resource Files</Filter>
    </None>
    <None Include="Assets\Tiles\grass.png">
      <Filter>Resource Files</Filter>
    </None>
    <None Include="Assets\Tiles\hhouse_border_etc_21.png">
      <Filter>Resource Files</Filter>
    </None>
    <None Include="Assets\Tiles\hhouse_border_etc_29.png">
      <Filter>Resource Files</Filter>
    </None>
    <None Include="Assets\Tiles\house_0.png">
      <Filter>Resource Files</Filter>
    </None>
    <None Include="Assets\Tiles\house_1.png">
      <Filter>Resource Files</Filter>
    </None>
    <None Include="Assets\Tiles\house_10.png">
      <Filter>Resource Files</Filter>
    </None>
    <None Include="Assets\Tiles\house_16.png">
      <Filter>Resource Files</Filter>
    </None>
    <None Include="Assets\Tiles\house_17.png">
      <Filter>Resource Files</Filter>
    </None>
    <None Include="Assets\Tiles\house_18.png">
      <Filter>Resource Files</Filter>
    </None>
    <None Include="Assets\Tiles\house_2.png">
      <Filter>Resource Files</Filter>
    </None>
    <None Include="Assets\Tiles\house_24.png">
      <Filter>Resource Files</Filter>
    </None>
    <None Include="Assets\Tiles\house_25.png">
      <Filter>Resource Files</Filter>
    </None>
    <None Include="Assets\Tiles\house_26.png">
      <Filter>Resource Files</Filter>
    </None>
    <None Include="Assets\Tiles\house_8.png">
      <Filter>Resource Files</Filter>
    </None>
    <None Include="Assets\Tiles\house_9.png">
      <Filter>Resource Files</Filter>
    </None>
    <None Include="Assets\Tiles\inserec half .png">
      <Filter>Resource Files</Filter>
    </None>
    <None Include="Assets\Maps\level1.tmx">
      <Filter>Resource Files</Filter>
    </None>
    <None Include="Assets\Maps\maptest (1).tmx">
      <Filter>Resource Files</Filter>
    </None>
    <None Include="Assets\Sounds\pistol.wav">
      <Filter>Resource Files</Filter>
    </None>
    <None Include="Assets\Tiles\raseef.png">
      <Filter>Resource Files</Filter>
    </None>
    <None Include="Assets\Tiles\raseefinver.png">
      <Filter>Resource Files</Filter>
    </None>
    <None Include="Assets\Tiles\raseefside inver.png">
      <Filter>Resource Files</Filter>
    </None>
    <None Include="Assets\Tiles\raseefside.png">
      <Filter>Resource Files</Filter>
    </None>
    <CustomBuild Include="resources.qrc">
      <Filter>Resource Files</Filter>
    </CustomBuild>
    <None Include="Assets\UI\sCitySky.png">
      <Filter>Resource Files</Filter>
    </None>
    <None Include="Assets\UI\shield.png">
      <Filter>Resource Files</Filter>
    </None>
    <None Include="Assets\Tiles\street2t.png">
      <Filter>Resource Files</Filter>
    </None>
    <None Include="Assets\Tiles\street_test-expor22t (1).png">
      <Filter>Resource Files</Filter>
    </None>
    <None Include="Assets\Tiles\street_test-expor2t (1).png">
      <Filter>Resource Files</Filter>
    </None>
    <None Include="Assets\Tiles\street_test-expor2t.png">
      <Filter>Resource Files</Filter>
    </None>
    <None Include="Assets\Tiles\street_test-export.png">
      <Filter>Resource Files</Filter>
    </None>
    <None Include="Assets\Tiles\street_test.png">
      <Filter>Resource Files</Filter>
    </None>
    <None Include="Assets\Tiles\streetarc2t.png">
      <Filter>Resource Files</Filter>
    </None>
    <None Include="Assets\Tiles\streetarc3t.png">
      <Filter>Resource Files</Filter>
    </None>
    <None Include="Assets\Tiles\streetarc4t.png">
      <Filter>Resource Files</Filter>
    </None>
    <None Include="Assets\Tiles\streetarct.png">
      <Filter>Resource Files</Filter>
    </None>
    <None Include="Assets\Tiles\werwer.png">
      <Filter>Resource Files</Filter>
    </None>
  </ItemGroup>
</Project>